PODS:
  - Alamofire (4.9.1)
  - ReachabilitySwift (5.0.0)
  - SDWebImage (5.0.0):
    - SDWebImage/Core (= 5.0.0)
  - SDWebImage/Core (5.0.0)
  - SwiftyJSON (5.0.0)

DEPENDENCIES:
  - Alamofire (= 4.9.1)
  - ReachabilitySwift (= 5.0.0)
  - SDWebImage (= 5.0.0)
  - SwiftyJSON (= 5.0.0)

SPEC REPOS:
  trunk:
    - Alamofire
    - ReachabilitySwift
    - SDWebImage
    - SwiftyJSON

SPEC CHECKSUMS:
  Alamofire: 85e8a02c69d6020a0d734f6054870d7ecb75cf18
  ReachabilitySwift: 985039c6f7b23a1da463388634119492ff86c825
  SDWebImage: 5de80a0302de9e377e62f47d2fa1304efff0e55f
  SwiftyJSON: 36413e04c44ee145039d332b4f4e2d3e8d6c4db7

PODFILE CHECKSUM: 98a30d090e8ea986996c07eb15bac3ceddc5938b

COCOAPODS: 1.8.4
