// !$*UTF8*$!
{
	archiveVersion = 1;
	classes = {
	};
	objectVersion = 51;
	objects = {

/* Begin PBXBuildFile section */
		185295A0EEB88F857A4B923C /* Pods_rZk_OMDbTests.framework in Frameworks */ = {isa = PBXBuildFile; fileRef = 7CF2A5EF1845FE8BA3C78134 /* Pods_rZk_OMDbTests.framework */; };
		34C94077273BF10700A2EAE4 /* DashboardVMTests.swift in Sources */ = {isa = PBXBuildFile; fileRef = 34C94076273BF10700A2EAE4 /* DashboardVMTests.swift */; };
		34C94078273BF2BF00A2EAE4 /* DashboardViewModel.swift in Sources */ = {isa = PBXBuildFile; fileRef = 34F23AEB2739575100C45628 /* DashboardViewModel.swift */; };
		34C94079273BF2CC00A2EAE4 /* SearchService.swift in Sources */ = {isa = PBXBuildFile; fileRef = 34F23AF8273983D100C45628 /* SearchService.swift */; };
		34C9407A273BF2D200A2EAE4 /* Video.swift in Sources */ = {isa = PBXBuildFile; fileRef = 34F23AF527397FDF00C45628 /* Video.swift */; };
		34C9407B273C069E00A2EAE4 /* APIClient.swift in Sources */ = {isa = PBXBuildFile; fileRef = 34F23AEE2739658300C45628 /* APIClient.swift */; };
		34C9407C273C106D00A2EAE4 /* APIRequest.swift in Sources */ = {isa = PBXBuildFile; fileRef = 34F23AF0273965A800C45628 /* APIRequest.swift */; };
		34C9407D273C108100A2EAE4 /* SearchRequest.swift in Sources */ = {isa = PBXBuildFile; fileRef = 34F23AF22739714000C45628 /* SearchRequest.swift */; };
		34E895BC273A236E00FC55C5 /* UIImageView+SetImage.swift in Sources */ = {isa = PBXBuildFile; fileRef = 34E895BB273A236E00FC55C5 /* UIImageView+SetImage.swift */; };
		34E895BE273AC23300FC55C5 /* UIView+ShimmeringAnimation.swift in Sources */ = {isa = PBXBuildFile; fileRef = 34E895BD273AC23300FC55C5 /* UIView+ShimmeringAnimation.swift */; };
		34E895C1273ACDD700FC55C5 /* ShimmerCell.swift in Sources */ = {isa = PBXBuildFile; fileRef = 34E895BF273ACDD700FC55C5 /* ShimmerCell.swift */; };
		34E895C2273ACDD700FC55C5 /* ShimmerCell.xib in Resources */ = {isa = PBXBuildFile; fileRef = 34E895C0273ACDD700FC55C5 /* ShimmerCell.xib */; };
		34F23AC327394E2000C45628 /* AppDelegate.swift in Sources */ = {isa = PBXBuildFile; fileRef = 34F23AC227394E2000C45628 /* AppDelegate.swift */; };
		34F23AC527394E2000C45628 /* SceneDelegate.swift in Sources */ = {isa = PBXBuildFile; fileRef = 34F23AC427394E2000C45628 /* SceneDelegate.swift */; };
		34F23ACC27394E2200C45628 /* Assets.xcassets in Resources */ = {isa = PBXBuildFile; fileRef = 34F23ACB27394E2200C45628 /* Assets.xcassets */; };
		34F23ACF27394E2200C45628 /* LaunchScreen.storyboard in Resources */ = {isa = PBXBuildFile; fileRef = 34F23ACD27394E2200C45628 /* LaunchScreen.storyboard */; };
		34F23AE52739537F00C45628 /* AppDIContainer.swift in Sources */ = {isa = PBXBuildFile; fileRef = 34F23AE42739537F00C45628 /* AppDIContainer.swift */; };
		34F23AE92739548B00C45628 /* DashboardViewController.swift in Sources */ = {isa = PBXBuildFile; fileRef = 34F23AE72739548B00C45628 /* DashboardViewController.swift */; };
		34F23AEA2739548B00C45628 /* DashboardViewController.xib in Resources */ = {isa = PBXBuildFile; fileRef = 34F23AE82739548B00C45628 /* DashboardViewController.xib */; };
		34F23AEC2739575100C45628 /* DashboardViewModel.swift in Sources */ = {isa = PBXBuildFile; fileRef = 34F23AEB2739575100C45628 /* DashboardViewModel.swift */; };
		34F23AEF2739658300C45628 /* APIClient.swift in Sources */ = {isa = PBXBuildFile; fileRef = 34F23AEE2739658300C45628 /* APIClient.swift */; };
		34F23AF1273965A800C45628 /* APIRequest.swift in Sources */ = {isa = PBXBuildFile; fileRef = 34F23AF0273965A800C45628 /* APIRequest.swift */; };
		34F23AF32739714000C45628 /* SearchRequest.swift in Sources */ = {isa = PBXBuildFile; fileRef = 34F23AF22739714000C45628 /* SearchRequest.swift */; };
		34F23AF627397FDF00C45628 /* Video.swift in Sources */ = {isa = PBXBuildFile; fileRef = 34F23AF527397FDF00C45628 /* Video.swift */; };
		34F23AF9273983D100C45628 /* SearchService.swift in Sources */ = {isa = PBXBuildFile; fileRef = 34F23AF8273983D100C45628 /* SearchService.swift */; };
		34F23AFF273992C200C45628 /* VideoCell.swift in Sources */ = {isa = PBXBuildFile; fileRef = 34F23AFD273992C200C45628 /* VideoCell.swift */; };
		34F23B00273992C200C45628 /* VideoCell.xib in Resources */ = {isa = PBXBuildFile; fileRef = 34F23AFE273992C200C45628 /* VideoCell.xib */; };
		51348A63EB2A85439DF8C6FA /* Pods_rZk_OMDb.framework in Frameworks */ = {isa = PBXBuildFile; fileRef = 1FA897DF719C65E1B91A45D7 /* Pods_rZk_OMDb.framework */; };
/* End PBXBuildFile section */

/* Begin PBXContainerItemProxy section */
		34F23AD627394E2200C45628 /* PBXContainerItemProxy */ = {
			isa = PBXContainerItemProxy;
			containerPortal = 34F23AB727394E2000C45628 /* Project object */;
			proxyType = 1;
			remoteGlobalIDString = 34F23ABE27394E2000C45628;
			remoteInfo = "rZk-OMDb";
		};
/* End PBXContainerItemProxy section */

/* Begin PBXFileReference section */
		052C6BB17F268A6A25940818 /* Pods-rZk-OMDb.release.xcconfig */ = {isa = PBXFileReference; includeInIndex = 1; lastKnownFileType = text.xcconfig; name = "Pods-rZk-OMDb.release.xcconfig"; path = "Target Support Files/Pods-rZk-OMDb/Pods-rZk-OMDb.release.xcconfig"; sourceTree = "<group>"; };
		1FA897DF719C65E1B91A45D7 /* Pods_rZk_OMDb.framework */ = {isa = PBXFileReference; explicitFileType = wrapper.framework; includeInIndex = 0; path = Pods_rZk_OMDb.framework; sourceTree = BUILT_PRODUCTS_DIR; };
		34C94076273BF10700A2EAE4 /* DashboardVMTests.swift */ = {isa = PBXFileReference; lastKnownFileType = sourcecode.swift; path = DashboardVMTests.swift; sourceTree = "<group>"; };
		34E895BB273A236E00FC55C5 /* UIImageView+SetImage.swift */ = {isa = PBXFileReference; lastKnownFileType = sourcecode.swift; path = "UIImageView+SetImage.swift"; sourceTree = "<group>"; };
		34E895BD273AC23300FC55C5 /* UIView+ShimmeringAnimation.swift */ = {isa = PBXFileReference; lastKnownFileType = sourcecode.swift; path = "UIView+ShimmeringAnimation.swift"; sourceTree = "<group>"; };
		34E895BF273ACDD700FC55C5 /* ShimmerCell.swift */ = {isa = PBXFileReference; lastKnownFileType = sourcecode.swift; path = ShimmerCell.swift; sourceTree = "<group>"; };
		34E895C0273ACDD700FC55C5 /* ShimmerCell.xib */ = {isa = PBXFileReference; lastKnownFileType = file.xib; path = ShimmerCell.xib; sourceTree = "<group>"; };
		34F23ABF27394E2000C45628 /* rZk-OMDb.app */ = {isa = PBXFileReference; explicitFileType = wrapper.application; includeInIndex = 0; path = "rZk-OMDb.app"; sourceTree = BUILT_PRODUCTS_DIR; };
		34F23AC227394E2000C45628 /* AppDelegate.swift */ = {isa = PBXFileReference; lastKnownFileType = sourcecode.swift; path = AppDelegate.swift; sourceTree = "<group>"; };
		34F23AC427394E2000C45628 /* SceneDelegate.swift */ = {isa = PBXFileReference; lastKnownFileType = sourcecode.swift; path = SceneDelegate.swift; sourceTree = "<group>"; };
		34F23ACB27394E2200C45628 /* Assets.xcassets */ = {isa = PBXFileReference; lastKnownFileType = folder.assetcatalog; path = Assets.xcassets; sourceTree = "<group>"; };
		34F23ACE27394E2200C45628 /* Base */ = {isa = PBXFileReference; lastKnownFileType = file.storyboard; name = Base; path = Base.lproj/LaunchScreen.storyboard; sourceTree = "<group>"; };
		34F23AD027394E2200C45628 /* Info.plist */ = {isa = PBXFileReference; lastKnownFileType = text.plist.xml; path = Info.plist; sourceTree = "<group>"; };
		34F23AD527394E2200C45628 /* rZk-OMDbTests.xctest */ = {isa = PBXFileReference; explicitFileType = wrapper.cfbundle; includeInIndex = 0; path = "rZk-OMDbTests.xctest"; sourceTree = BUILT_PRODUCTS_DIR; };
		34F23ADB27394E2200C45628 /* Info.plist */ = {isa = PBXFileReference; lastKnownFileType = text.plist.xml; path = Info.plist; sourceTree = "<group>"; };
		34F23AE42739537F00C45628 /* AppDIContainer.swift */ = {isa = PBXFileReference; lastKnownFileType = sourcecode.swift; path = AppDIContainer.swift; sourceTree = "<group>"; };
		34F23AE72739548B00C45628 /* DashboardViewController.swift */ = {isa = PBXFileReference; lastKnownFileType = sourcecode.swift; path = DashboardViewController.swift; sourceTree = "<group>"; };
		34F23AE82739548B00C45628 /* DashboardViewController.xib */ = {isa = PBXFileReference; lastKnownFileType = file.xib; path = DashboardViewController.xib; sourceTree = "<group>"; };
		34F23AEB2739575100C45628 /* DashboardViewModel.swift */ = {isa = PBXFileReference; lastKnownFileType = sourcecode.swift; path = DashboardViewModel.swift; sourceTree = "<group>"; };
		34F23AEE2739658300C45628 /* APIClient.swift */ = {isa = PBXFileReference; lastKnownFileType = sourcecode.swift; path = APIClient.swift; sourceTree = "<group>"; };
		34F23AF0273965A800C45628 /* APIRequest.swift */ = {isa = PBXFileReference; lastKnownFileType = sourcecode.swift; path = APIRequest.swift; sourceTree = "<group>"; };
		34F23AF22739714000C45628 /* SearchRequest.swift */ = {isa = PBXFileReference; lastKnownFileType = sourcecode.swift; path = SearchRequest.swift; sourceTree = "<group>"; };
		34F23AF527397FDF00C45628 /* Video.swift */ = {isa = PBXFileReference; lastKnownFileType = sourcecode.swift; path = Video.swift; sourceTree = "<group>"; };
		34F23AF8273983D100C45628 /* SearchService.swift */ = {isa = PBXFileReference; lastKnownFileType = sourcecode.swift; path = SearchService.swift; sourceTree = "<group>"; };
		34F23AFD273992C200C45628 /* VideoCell.swift */ = {isa = PBXFileReference; lastKnownFileType = sourcecode.swift; path = VideoCell.swift; sourceTree = "<group>"; };
		34F23AFE273992C200C45628 /* VideoCell.xib */ = {isa = PBXFileReference; lastKnownFileType = file.xib; path = VideoCell.xib; sourceTree = "<group>"; };
		5D60C884B0CA843BC2654A92 /* Pods-rZk-OMDb.debug.xcconfig */ = {isa = PBXFileReference; includeInIndex = 1; lastKnownFileType = text.xcconfig; name = "Pods-rZk-OMDb.debug.xcconfig"; path = "Target Support Files/Pods-rZk-OMDb/Pods-rZk-OMDb.debug.xcconfig"; sourceTree = "<group>"; };
		5D8EA31FC118AB8731B0982E /* Pods-rZk-OMDbTests.debug.xcconfig */ = {isa = PBXFileReference; includeInIndex = 1; lastKnownFileType = text.xcconfig; name = "Pods-rZk-OMDbTests.debug.xcconfig"; path = "Target Support Files/Pods-rZk-OMDbTests/Pods-rZk-OMDbTests.debug.xcconfig"; sourceTree = "<group>"; };
		5ED39551C26B07CFDF0869F6 /* Pods-rZk-OMDbTests.release.xcconfig */ = {isa = PBXFileReference; includeInIndex = 1; lastKnownFileType = text.xcconfig; name = "Pods-rZk-OMDbTests.release.xcconfig"; path = "Target Support Files/Pods-rZk-OMDbTests/Pods-rZk-OMDbTests.release.xcconfig"; sourceTree = "<group>"; };
		7CF2A5EF1845FE8BA3C78134 /* Pods_rZk_OMDbTests.framework */ = {isa = PBXFileReference; explicitFileType = wrapper.framework; includeInIndex = 0; path = Pods_rZk_OMDbTests.framework; sourceTree = BUILT_PRODUCTS_DIR; };
/* End PBXFileReference section */

/* Begin PBXFrameworksBuildPhase section */
		34F23ABC27394E2000C45628 /* Frameworks */ = {
			isa = PBXFrameworksBuildPhase;
			buildActionMask = 2147483647;
			files = (
				51348A63EB2A85439DF8C6FA /* Pods_rZk_OMDb.framework in Frameworks */,
			);
			runOnlyForDeploymentPostprocessing = 0;
		};
		34F23AD227394E2200C45628 /* Frameworks */ = {
			isa = PBXFrameworksBuildPhase;
			buildActionMask = 2147483647;
			files = (
				185295A0EEB88F857A4B923C /* Pods_rZk_OMDbTests.framework in Frameworks */,
			);
			runOnlyForDeploymentPostprocessing = 0;
		};
/* End PBXFrameworksBuildPhase section */

/* Begin PBXGroup section */
		217B4FBC847B9F5294ED9B67 /* Frameworks */ = {
			isa = PBXGroup;
			children = (
				1FA897DF719C65E1B91A45D7 /* Pods_rZk_OMDb.framework */,
				7CF2A5EF1845FE8BA3C78134 /* Pods_rZk_OMDbTests.framework */,
			);
			name = Frameworks;
			sourceTree = "<group>";
		};
		34F23AB627394E2000C45628 = {
			isa = PBXGroup;
			children = (
				34F23AC127394E2000C45628 /* rZk-OMDb */,
				34F23AD827394E2200C45628 /* rZk-OMDbTests */,
				34F23AC027394E2000C45628 /* Products */,
				858E3223633FD6BCDF130305 /* Pods */,
				217B4FBC847B9F5294ED9B67 /* Frameworks */,
			);
			sourceTree = "<group>";
		};
		34F23AC027394E2000C45628 /* Products */ = {
			isa = PBXGroup;
			children = (
				34F23ABF27394E2000C45628 /* rZk-OMDb.app */,
				34F23AD527394E2200C45628 /* rZk-OMDbTests.xctest */,
			);
			name = Products;
			sourceTree = "<group>";
		};
		34F23AC127394E2000C45628 /* rZk-OMDb */ = {
			isa = PBXGroup;
			children = (
				34F23AFA273989FF00C45628 /* Extension */,
				34F23AF427397E7300C45628 /* Model */,
				34F23AED2739653100C45628 /* REST */,
				34F23AE62739544800C45628 /* Screen */,
				34F23AF7273983A200C45628 /* Services */,
				34F23AC227394E2000C45628 /* AppDelegate.swift */,
				34F23AC427394E2000C45628 /* SceneDelegate.swift */,
				34F23AE42739537F00C45628 /* AppDIContainer.swift */,
				34F23ACB27394E2200C45628 /* Assets.xcassets */,
				34F23ACD27394E2200C45628 /* LaunchScreen.storyboard */,
				34F23AD027394E2200C45628 /* Info.plist */,
			);
			path = "rZk-OMDb";
			sourceTree = "<group>";
		};
		34F23AD827394E2200C45628 /* rZk-OMDbTests */ = {
			isa = PBXGroup;
			children = (
				34C94076273BF10700A2EAE4 /* DashboardVMTests.swift */,
				34F23ADB27394E2200C45628 /* Info.plist */,
			);
			path = "rZk-OMDbTests";
			sourceTree = "<group>";
		};
		34F23AE62739544800C45628 /* Screen */ = {
			isa = PBXGroup;
			children = (
				34F23AE72739548B00C45628 /* DashboardViewController.swift */,
				34F23AEB2739575100C45628 /* DashboardViewModel.swift */,
				34F23AE82739548B00C45628 /* DashboardViewController.xib */,
				34F23AFD273992C200C45628 /* VideoCell.swift */,
				34F23AFE273992C200C45628 /* VideoCell.xib */,
				34E895BF273ACDD700FC55C5 /* ShimmerCell.swift */,
				34E895C0273ACDD700FC55C5 /* ShimmerCell.xib */,
			);
			path = Screen;
			sourceTree = "<group>";
		};
		34F23AED2739653100C45628 /* REST */ = {
			isa = PBXGroup;
			children = (
				34F23AEE2739658300C45628 /* APIClient.swift */,
				34F23AF0273965A800C45628 /* APIRequest.swift */,
				34F23AF22739714000C45628 /* SearchRequest.swift */,
			);
			path = REST;
			sourceTree = "<group>";
		};
		34F23AF427397E7300C45628 /* Model */ = {
			isa = PBXGroup;
			children = (
				34F23AF527397FDF00C45628 /* Video.swift */,
			);
			path = Model;
			sourceTree = "<group>";
		};
		34F23AF7273983A200C45628 /* Services */ = {
			isa = PBXGroup;
			children = (
				34F23AF8273983D100C45628 /* SearchService.swift */,
			);
			path = Services;
			sourceTree = "<group>";
		};
		34F23AFA273989FF00C45628 /* Extension */ = {
			isa = PBXGroup;
			children = (
				34E895BB273A236E00FC55C5 /* UIImageView+SetImage.swift */,
				34E895BD273AC23300FC55C5 /* UIView+ShimmeringAnimation.swift */,
			);
			path = Extension;
			sourceTree = "<group>";
		};
		858E3223633FD6BCDF130305 /* Pods */ = {
			isa = PBXGroup;
			children = (
				5D60C884B0CA843BC2654A92 /* Pods-rZk-OMDb.debug.xcconfig */,
				052C6BB17F268A6A25940818 /* Pods-rZk-OMDb.release.xcconfig */,
				5D8EA31FC118AB8731B0982E /* Pods-rZk-OMDbTests.debug.xcconfig */,
				5ED39551C26B07CFDF0869F6 /* Pods-rZk-OMDbTests.release.xcconfig */,
			);
			path = Pods;
			sourceTree = "<group>";
		};
/* End PBXGroup section */

/* Begin PBXNativeTarget section */
		34F23ABE27394E2000C45628 /* rZk-OMDb */ = {
			isa = PBXNativeTarget;
			buildConfigurationList = 34F23ADE27394E2200C45628 /* Build configuration list for PBXNativeTarget "rZk-OMDb" */;
			buildPhases = (
				28755A19007C3F83096C33CC /* [CP] Check Pods Manifest.lock */,
				34F23ABB27394E2000C45628 /* Sources */,
				34F23ABC27394E2000C45628 /* Frameworks */,
				34F23ABD27394E2000C45628 /* Resources */,
				F1150343DE79A1409111B32A /* [CP] Embed Pods Frameworks */,
			);
			buildRules = (
			);
			dependencies = (
			);
			name = "rZk-OMDb";
			productName = "rZk-OMDb";
			productReference = 34F23ABF27394E2000C45628 /* rZk-OMDb.app */;
			productType = "com.apple.product-type.application";
		};
		34F23AD427394E2200C45628 /* rZk-OMDbTests */ = {
			isa = PBXNativeTarget;
			buildConfigurationList = 34F23AE127394E2200C45628 /* Build configuration list for PBXNativeTarget "rZk-OMDbTests" */;
			buildPhases = (
				501EC66F6456AF9FFE565B2C /* [CP] Check Pods Manifest.lock */,
				34F23AD127394E2200C45628 /* Sources */,
				34F23AD227394E2200C45628 /* Frameworks */,
				34F23AD327394E2200C45628 /* Resources */,
			);
			buildRules = (
			);
			dependencies = (
				34F23AD727394E2200C45628 /* PBXTargetDependency */,
			);
			name = "rZk-OMDbTests";
			productName = "rZk-OMDbTests";
			productReference = 34F23AD527394E2200C45628 /* rZk-OMDbTests.xctest */;
			productType = "com.apple.product-type.bundle.unit-test";
		};
/* End PBXNativeTarget section */

/* Begin PBXProject section */
		34F23AB727394E2000C45628 /* Project object */ = {
			isa = PBXProject;
			attributes = {
				LastSwiftUpdateCheck = 1130;
				LastUpgradeCheck = 1130;
				ORGANIZATIONNAME = "Rizki Dwi Putra";
				TargetAttributes = {
					34F23ABE27394E2000C45628 = {
						CreatedOnToolsVersion = 11.3.1;
					};
					34F23AD427394E2200C45628 = {
						CreatedOnToolsVersion = 11.3.1;
						TestTargetID = 34F23ABE27394E2000C45628;
					};
				};
			};
			buildConfigurationList = 34F23ABA27394E2000C45628 /* Build configuration list for PBXProject "rZk-OMDb" */;
			compatibilityVersion = "Xcode 9.3";
			developmentRegion = en;
			hasScannedForEncodings = 0;
			knownRegions = (
				en,
				Base,
			);
			mainGroup = 34F23AB627394E2000C45628;
			productRefGroup = 34F23AC027394E2000C45628 /* Products */;
			projectDirPath = "";
			projectRoot = "";
			targets = (
				34F23ABE27394E2000C45628 /* rZk-OMDb */,
				34F23AD427394E2200C45628 /* rZk-OMDbTests */,
			);
		};
/* End PBXProject section */

/* Begin PBXResourcesBuildPhase section */
		34F23ABD27394E2000C45628 /* Resources */ = {
			isa = PBXResourcesBuildPhase;
			buildActionMask = 2147483647;
			files = (
				34F23ACF27394E2200C45628 /* LaunchScreen.storyboard in Resources */,
				34F23B00273992C200C45628 /* VideoCell.xib in Resources */,
				34E895C2273ACDD700FC55C5 /* ShimmerCell.xib in Resources */,
				34F23ACC27394E2200C45628 /* Assets.xcassets in Resources */,
				34F23AEA2739548B00C45628 /* DashboardViewController.xib in Resources */,
			);
			runOnlyForDeploymentPostprocessing = 0;
		};
		34F23AD327394E2200C45628 /* Resources */ = {
			isa = PBXResourcesBuildPhase;
			buildActionMask = 2147483647;
			files = (
			);
			runOnlyForDeploymentPostprocessing = 0;
		};
/* End PBXResourcesBuildPhase section */

/* Begin PBXShellScriptBuildPhase section */
		28755A19007C3F83096C33CC /* [CP] Check Pods Manifest.lock */ = {
			isa = PBXShellScriptBuildPhase;
			buildActionMask = 2147483647;
			files = (
			);
			inputFileListPaths = (
			);
			inputPaths = (
				"${PODS_PODFILE_DIR_PATH}/Podfile.lock",
				"${PODS_ROOT}/Manifest.lock",
			);
			name = "[CP] Check Pods Manifest.lock";
			outputFileListPaths = (
			);
			outputPaths = (
				"$(DERIVED_FILE_DIR)/Pods-rZk-OMDb-checkManifestLockResult.txt",
			);
			runOnlyForDeploymentPostprocessing = 0;
			shellPath = /bin/sh;
			shellScript = "diff \"${PODS_PODFILE_DIR_PATH}/Podfile.lock\" \"${PODS_ROOT}/Manifest.lock\" > /dev/null\nif [ $? != 0 ] ; then\n    # print error to STDERR\n    echo \"error: The sandbox is not in sync with the Podfile.lock. Run 'pod install' or update your CocoaPods installation.\" >&2\n    exit 1\nfi\n# This output is used by Xcode 'outputs' to avoid re-running this script phase.\necho \"SUCCESS\" > \"${SCRIPT_OUTPUT_FILE_0}\"\n";
			showEnvVarsInLog = 0;
		};
		501EC66F6456AF9FFE565B2C /* [CP] Check Pods Manifest.lock */ = {
			isa = PBXShellScriptBuildPhase;
			buildActionMask = 2147483647;
			files = (
			);
			inputFileListPaths = (
			);
			inputPaths = (
				"${PODS_PODFILE_DIR_PATH}/Podfile.lock",
				"${PODS_ROOT}/Manifest.lock",
			);
			name = "[CP] Check Pods Manifest.lock";
			outputFileListPaths = (
			);
			outputPaths = (
				"$(DERIVED_FILE_DIR)/Pods-rZk-OMDbTests-checkManifestLockResult.txt",
			);
			runOnlyForDeploymentPostprocessing = 0;
			shellPath = /bin/sh;
			shellScript = "diff \"${PODS_PODFILE_DIR_PATH}/Podfile.lock\" \"${PODS_ROOT}/Manifest.lock\" > /dev/null\nif [ $? != 0 ] ; then\n    # print error to STDERR\n    echo \"error: The sandbox is not in sync with the Podfile.lock. Run 'pod install' or update your CocoaPods installation.\" >&2\n    exit 1\nfi\n# This output is used by Xcode 'outputs' to avoid re-running this script phase.\necho \"SUCCESS\" > \"${SCRIPT_OUTPUT_FILE_0}\"\n";
			showEnvVarsInLog = 0;
		};
		F1150343DE79A1409111B32A /* [CP] Embed Pods Frameworks */ = {
			isa = PBXShellScriptBuildPhase;
			buildActionMask = 2147483647;
			files = (
			);
			inputFileListPaths = (
				"${PODS_ROOT}/Target Support Files/Pods-rZk-OMDb/Pods-rZk-OMDb-frameworks-${CONFIGURATION}-input-files.xcfilelist",
			);
			name = "[CP] Embed Pods Frameworks";
			outputFileListPaths = (
				"${PODS_ROOT}/Target Support Files/Pods-rZk-OMDb/Pods-rZk-OMDb-frameworks-${CONFIGURATION}-output-files.xcfilelist",
			);
			runOnlyForDeploymentPostprocessing = 0;
			shellPath = /bin/sh;
			shellScript = "\"${PODS_ROOT}/Target Support Files/Pods-rZk-OMDb/Pods-rZk-OMDb-frameworks.sh\"\n";
			showEnvVarsInLog = 0;
		};
/* End PBXShellScriptBuildPhase section */

/* Begin PBXSourcesBuildPhase section */
		34F23ABB27394E2000C45628 /* Sources */ = {
			isa = PBXSourcesBuildPhase;
			buildActionMask = 2147483647;
			files = (
				34F23AE52739537F00C45628 /* AppDIContainer.swift in Sources */,
				34F23AF1273965A800C45628 /* APIRequest.swift in Sources */,
				34F23AE92739548B00C45628 /* DashboardViewController.swift in Sources */,
				34F23AEC2739575100C45628 /* DashboardViewModel.swift in Sources */,
				34F23AFF273992C200C45628 /* VideoCell.swift in Sources */,
				34E895BC273A236E00FC55C5 /* UIImageView+SetImage.swift in Sources */,
				34F23AF627397FDF00C45628 /* Video.swift in Sources */,
				34E895BE273AC23300FC55C5 /* UIView+ShimmeringAnimation.swift in Sources */,
				34F23AC327394E2000C45628 /* AppDelegate.swift in Sources */,
				34F23AF32739714000C45628 /* SearchRequest.swift in Sources */,
				34F23AF9273983D100C45628 /* SearchService.swift in Sources */,
				34F23AC527394E2000C45628 /* SceneDelegate.swift in Sources */,
				34F23AEF2739658300C45628 /* APIClient.swift in Sources */,
				34E895C1273ACDD700FC55C5 /* ShimmerCell.swift in Sources */,
			);
			runOnlyForDeploymentPostprocessing = 0;
		};
		34F23AD127394E2200C45628 /* Sources */ = {
			isa = PBXSourcesBuildPhase;
			buildActionMask = 2147483647;
			files = (
				34C94079273BF2CC00A2EAE4 /* SearchService.swift in Sources */,
				34C9407A273BF2D200A2EAE4 /* Video.swift in Sources */,
				34C94077273BF10700A2EAE4 /* DashboardVMTests.swift in Sources */,
				34C9407B273C069E00A2EAE4 /* APIClient.swift in Sources */,
				34C9407D273C108100A2EAE4 /* SearchRequest.swift in Sources */,
				34C9407C273C106D00A2EAE4 /* APIRequest.swift in Sources */,
				34C94078273BF2BF00A2EAE4 /* DashboardViewModel.swift in Sources */,
			);
			runOnlyForDeploymentPostprocessing = 0;
		};
/* End PBXSourcesBuildPhase section */

/* Begin PBXTargetDependency section */
		34F23AD727394E2200C45628 /* PBXTargetDependency */ = {
			isa = PBXTargetDependency;
			target = 34F23ABE27394E2000C45628 /* rZk-OMDb */;
			targetProxy = 34F23AD627394E2200C45628 /* PBXContainerItemProxy */;
		};
/* End PBXTargetDependency section */

/* Begin PBXVariantGroup section */
		34F23ACD27394E2200C45628 /* LaunchScreen.storyboard */ = {
			isa = PBXVariantGroup;
			children = (
				34F23ACE27394E2200C45628 /* Base */,
			);
			name = LaunchScreen.storyboard;
			sourceTree = "<group>";
		};
/* End PBXVariantGroup section */

/* Begin XCBuildConfiguration section */
		34F23ADC27394E2200C45628 /* Debug */ = {
			isa = XCBuildConfiguration;
			buildSettings = {
				ALWAYS_SEARCH_USER_PATHS = NO;
				CLANG_ANALYZER_NONNULL = YES;
				CLANG_ANALYZER_NUMBER_OBJECT_CONVERSION = YES_AGGRESSIVE;
				CLANG_CXX_LANGUAGE_STANDARD = "gnu++14";
				CLANG_CXX_LIBRARY = "libc++";
				CLANG_ENABLE_MODULES = YES;
				CLANG_ENABLE_OBJC_ARC = YES;
				CLANG_ENABLE_OBJC_WEAK = YES;
				CLANG_WARN_BLOCK_CAPTURE_AUTORELEASING = YES;
				CLANG_WARN_BOOL_CONVERSION = YES;
				CLANG_WARN_COMMA = YES;
				CLANG_WARN_CONSTANT_CONVERSION = YES;
				CLANG_WARN_DEPRECATED_OBJC_IMPLEMENTATIONS = YES;
				CLANG_WARN_DIRECT_OBJC_ISA_USAGE = YES_ERROR;
				CLANG_WARN_DOCUMENTATION_COMMENTS = YES;
				CLANG_WARN_EMPTY_BODY = YES;
				CLANG_WARN_ENUM_CONVERSION = YES;
				CLANG_WARN_INFINITE_RECURSION = YES;
				CLANG_WARN_INT_CONVERSION = YES;
				CLANG_WARN_NON_LITERAL_NULL_CONVERSION = YES;
				CLANG_WARN_OBJC_IMPLICIT_RETAIN_SELF = YES;
				CLANG_WARN_OBJC_LITERAL_CONVERSION = YES;
				CLANG_WARN_OBJC_ROOT_CLASS = YES_ERROR;
				CLANG_WARN_RANGE_LOOP_ANALYSIS = YES;
				CLANG_WARN_STRICT_PROTOTYPES = YES;
				CLANG_WARN_SUSPICIOUS_MOVE = YES;
				CLANG_WARN_UNGUARDED_AVAILABILITY = YES_AGGRESSIVE;
				CLANG_WARN_UNREACHABLE_CODE = YES;
				CLANG_WARN__DUPLICATE_METHOD_MATCH = YES;
				COPY_PHASE_STRIP = NO;
				DEBUG_INFORMATION_FORMAT = dwarf;
				ENABLE_STRICT_OBJC_MSGSEND = YES;
				ENABLE_TESTABILITY = YES;
				GCC_C_LANGUAGE_STANDARD = gnu11;
				GCC_DYNAMIC_NO_PIC = NO;
				GCC_NO_COMMON_BLOCKS = YES;
				GCC_OPTIMIZATION_LEVEL = 0;
				GCC_PREPROCESSOR_DEFINITIONS = (
					"DEBUG=1",
					"$(inherited)",
				);
				GCC_WARN_64_TO_32_BIT_CONVERSION = YES;
				GCC_WARN_ABOUT_RETURN_TYPE = YES_ERROR;
				GCC_WARN_UNDECLARED_SELECTOR = YES;
				GCC_WARN_UNINITIALIZED_AUTOS = YES_AGGRESSIVE;
				GCC_WARN_UNUSED_FUNCTION = YES;
				GCC_WARN_UNUSED_VARIABLE = YES;
				IPHONEOS_DEPLOYMENT_TARGET = 13.2;
				MTL_ENABLE_DEBUG_INFO = INCLUDE_SOURCE;
				MTL_FAST_MATH = YES;
				ONLY_ACTIVE_ARCH = YES;
				SDKROOT = iphoneos;
				SWIFT_ACTIVE_COMPILATION_CONDITIONS = DEBUG;
				SWIFT_OPTIMIZATION_LEVEL = "-Onone";
			};
			name = Debug;
		};
		34F23ADD27394E2200C45628 /* Release */ = {
			isa = XCBuildConfiguration;
			buildSettings = {
				ALWAYS_SEARCH_USER_PATHS = NO;
				CLANG_ANALYZER_NONNULL = YES;
				CLANG_ANALYZER_NUMBER_OBJECT_CONVERSION = YES_AGGRESSIVE;
				CLANG_CXX_LANGUAGE_STANDARD = "gnu++14";
				CLANG_CXX_LIBRARY = "libc++";
				CLANG_ENABLE_MODULES = YES;
				CLANG_ENABLE_OBJC_ARC = YES;
				CLANG_ENABLE_OBJC_WEAK = YES;
				CLANG_WARN_BLOCK_CAPTURE_AUTORELEASING = YES;
				CLANG_WARN_BOOL_CONVERSION = YES;
				CLANG_WARN_COMMA = YES;
				CLANG_WARN_CONSTANT_CONVERSION = YES;
				CLANG_WARN_DEPRECATED_OBJC_IMPLEMENTATIONS = YES;
				CLANG_WARN_DIRECT_OBJC_ISA_USAGE = YES_ERROR;
				CLANG_WARN_DOCUMENTATION_COMMENTS = YES;
				CLANG_WARN_EMPTY_BODY = YES;
				CLANG_WARN_ENUM_CONVERSION = YES;
				CLANG_WARN_INFINITE_RECURSION = YES;
				CLANG_WARN_INT_CONVERSION = YES;
				CLANG_WARN_NON_LITERAL_NULL_CONVERSION = YES;
				CLANG_WARN_OBJC_IMPLICIT_RETAIN_SELF = YES;
				CLANG_WARN_OBJC_LITERAL_CONVERSION = YES;
				CLANG_WARN_OBJC_ROOT_CLASS = YES_ERROR;
				CLANG_WARN_RANGE_LOOP_ANALYSIS = YES;
				CLANG_WARN_STRICT_PROTOTYPES = YES;
				CLANG_WARN_SUSPICIOUS_MOVE = YES;
				CLANG_WARN_UNGUARDED_AVAILABILITY = YES_AGGRESSIVE;
				CLANG_WARN_UNREACHABLE_CODE = YES;
				CLANG_WARN__DUPLICATE_METHOD_MATCH = YES;
				COPY_PHASE_STRIP = NO;
				DEBUG_INFORMATION_FORMAT = "dwarf-with-dsym";
				ENABLE_NS_ASSERTIONS = NO;
				ENABLE_STRICT_OBJC_MSGSEND = YES;
				GCC_C_LANGUAGE_STANDARD = gnu11;
				GCC_NO_COMMON_BLOCKS = YES;
				GCC_WARN_64_TO_32_BIT_CONVERSION = YES;
				GCC_WARN_ABOUT_RETURN_TYPE = YES_ERROR;
				GCC_WARN_UNDECLARED_SELECTOR = YES;
				GCC_WARN_UNINITIALIZED_AUTOS = YES_AGGRESSIVE;
				GCC_WARN_UNUSED_FUNCTION = YES;
				GCC_WARN_UNUSED_VARIABLE = YES;
				IPHONEOS_DEPLOYMENT_TARGET = 13.2;
				MTL_ENABLE_DEBUG_INFO = NO;
				MTL_FAST_MATH = YES;
				SDKROOT = iphoneos;
				SWIFT_COMPILATION_MODE = wholemodule;
				SWIFT_OPTIMIZATION_LEVEL = "-O";
				VALIDATE_PRODUCT = YES;
			};
			name = Release;
		};
		34F23ADF27394E2200C45628 /* Debug */ = {
			isa = XCBuildConfiguration;
			baseConfigurationReference = 5D60C884B0CA843BC2654A92 /* Pods-rZk-OMDb.debug.xcconfig */;
			buildSettings = {
				ASSETCATALOG_COMPILER_APPICON_NAME = AppIcon;
				CODE_SIGN_STYLE = Automatic;
				DEVELOPMENT_TEAM = 2HFPWQF9R7;
				INFOPLIST_FILE = "rZk-OMDb/Info.plist";
				LD_RUNPATH_SEARCH_PATHS = (
					"$(inherited)",
					"@executable_path/Frameworks",
				);
				PRODUCT_BUNDLE_IDENTIFIER = rzk.omdb.test;
				PRODUCT_NAME = "$(TARGET_NAME)";
				SWIFT_VERSION = 5.0;
				TARGETED_DEVICE_FAMILY = 1;
			};
			name = Debug;
		};
		34F23AE027394E2200C45628 /* Release */ = {
			isa = XCBuildConfiguration;
			baseConfigurationReference = 052C6BB17F268A6A25940818 /* Pods-rZk-OMDb.release.xcconfig */;
			buildSettings = {
				ASSETCATALOG_COMPILER_APPICON_NAME = AppIcon;
				CODE_SIGN_STYLE = Automatic;
				DEVELOPMENT_TEAM = 2HFPWQF9R7;
				INFOPLIST_FILE = "rZk-OMDb/Info.plist";
				LD_RUNPATH_SEARCH_PATHS = (
					"$(inherited)",
					"@executable_path/Frameworks",
				);
				PRODUCT_BUNDLE_IDENTIFIER = rzk.omdb.test;
				PRODUCT_NAME = "$(TARGET_NAME)";
				SWIFT_VERSION = 5.0;
				TARGETED_DEVICE_FAMILY = 1;
			};
			name = Release;
		};
		34F23AE227394E2200C45628 /* Debug */ = {
			isa = XCBuildConfiguration;
			baseConfigurationReference = 5D8EA31FC118AB8731B0982E /* Pods-rZk-OMDbTests.debug.xcconfig */;
			buildSettings = {
				ALWAYS_EMBED_SWIFT_STANDARD_LIBRARIES = YES;
				BUNDLE_LOADER = "$(TEST_HOST)";
				CODE_SIGN_STYLE = Automatic;
				DEVELOPMENT_TEAM = 2HFPWQF9R7;
				INFOPLIST_FILE = "rZk-OMDbTests/Info.plist";
				IPHONEOS_DEPLOYMENT_TARGET = 13.2;
				LD_RUNPATH_SEARCH_PATHS = (
					"$(inherited)",
					"@executable_path/Frameworks",
					"@loader_path/Frameworks",
				);
				PRODUCT_BUNDLE_IDENTIFIER = "rzk.rZk-OMDbTests";
				PRODUCT_NAME = "$(TARGET_NAME)";
				SWIFT_VERSION = 5.0;
				TARGETED_DEVICE_FAMILY = "1,2";
				TEST_HOST = "$(BUILT_PRODUCTS_DIR)/rZk-OMDb.app/rZk-OMDb";
			};
			name = Debug;
		};
		34F23AE327394E2200C45628 /* Release */ = {
			isa = XCBuildConfiguration;
			baseConfigurationReference = 5ED39551C26B07CFDF0869F6 /* Pods-rZk-OMDbTests.release.xcconfig */;
			buildSettings = {
				ALWAYS_EMBED_SWIFT_STANDARD_LIBRARIES = YES;
				BUNDLE_LOADER = "$(TEST_HOST)";
				CODE_SIGN_STYLE = Automatic;
				DEVELOPMENT_TEAM = 2HFPWQF9R7;
				INFOPLIST_FILE = "rZk-OMDbTests/Info.plist";
				IPHONEOS_DEPLOYMENT_TARGET = 13.2;
				LD_RUNPATH_SEARCH_PATHS = (
					"$(inherited)",
					"@executable_path/Frameworks",
					"@loader_path/Frameworks",
				);
				PRODUCT_BUNDLE_IDENTIFIER = "rzk.rZk-OMDbTests";
				PRODUCT_NAME = "$(TARGET_NAME)";
				SWIFT_VERSION = 5.0;
				TARGETED_DEVICE_FAMILY = "1,2";
				TEST_HOST = "$(BUILT_PRODUCTS_DIR)/rZk-OMDb.app/rZk-OMDb";
			};
			name = Release;
		};
/* End XCBuildConfiguration section */

/* Begin XCConfigurationList section */
		34F23ABA27394E2000C45628 /* Build configuration list for PBXProject "rZk-OMDb" */ = {
			isa = XCConfigurationList;
			buildConfigurations = (
				34F23ADC27394E2200C45628 /* Debug */,
				34F23ADD27394E2200C45628 /* Release */,
			);
			defaultConfigurationIsVisible = 0;
			defaultConfigurationName = Release;
		};
		34F23ADE27394E2200C45628 /* Build configuration list for PBXNativeTarget "rZk-OMDb" */ = {
			isa = XCConfigurationList;
			buildConfigurations = (
				34F23ADF27394E2200C45628 /* Debug */,
				34F23AE027394E2200C45628 /* Release */,
			);
			defaultConfigurationIsVisible = 0;
			defaultConfigurationName = Release;
		};
		34F23AE127394E2200C45628 /* Build configuration list for PBXNativeTarget "rZk-OMDbTests" */ = {
			isa = XCConfigurationList;
			buildConfigurations = (
				34F23AE227394E2200C45628 /* Debug */,
				34F23AE327394E2200C45628 /* Release */,
			);
			defaultConfigurationIsVisible = 0;
			defaultConfigurationName = Release;
		};
/* End XCConfigurationList section */
	};
	rootObject = 34F23AB727394E2000C45628 /* Project object */;
}
